
Microsoft Visual Studio Solution File, Format Version 12.00
# Visual Studio Version 17
VisualStudioVersion = 17.2.32630.192
MinimumVisualStudioVersion = 10.0.40219.1
Project("{9A19103F-16F7-4668-BE54-9A1E7A4F7556}") = "Spotify BPM Sorter", "Spotify BPM Sorter\Spotify BPM Sorter.csproj", "{423A9659-5FD4-45AF-9B3E-1B72556DF220}"
EndProject
Project("{9A19103F-16F7-4668-BE54-9A1E7A4F7556}") = "Spotify BPM SorterTests", "Spotify BPM SorterTests\Spotify BPM SorterTests.csproj", "{97B09E74-8C7C-4B6A-90BF-A0F39875217E}"
EndProject
Project("{FAE04EC0-301F-11D3-BF4B-00C04F79EFBC}") = "Spotify BPM Sorter UI", "Spotify BPM Sorter UI\Spotify BPM Sorter UI.csproj", "{BEFD26D2-2DFC-4B8E-8743-3CE61AA18B00}"
EndProject
Project("{FAE04EC0-301F-11D3-BF4B-00C04F79EFBC}") = "Spotify BPM Sorter UITests", "Spotify BPM Sorter UITests\Spotify BPM Sorter UITests.csproj", "{B31828C6-625D-4BAA-8305-4BD5F9DD2040}"
EndProject
Global
	GlobalSection(SolutionConfigurationPlatforms) = preSolution
		Debug|Any CPU = Debug|Any CPU
		Release|Any CPU = Release|Any CPU
	EndGlobalSection
	GlobalSection(ProjectConfigurationPlatforms) = postSolution
		{423A9659-5FD4-45AF-9B3E-1B72556DF220}.Debug|Any CPU.ActiveCfg = Debug|Any CPU
		{423A9659-5FD4-45AF-9B3E-1B72556DF220}.Debug|Any CPU.Build.0 = Debug|Any CPU
		{423A9659-5FD4-45AF-9B3E-1B72556DF220}.Release|Any CPU.ActiveCfg = Release|Any CPU
		{423A9659-5FD4-45AF-9B3E-1B72556DF220}.Release|Any CPU.Build.0 = Release|Any CPU
		{97B09E74-8C7C-4B6A-90BF-A0F39875217E}.Debug|Any CPU.ActiveCfg = Debug|Any CPU
		{97B09E74-8C7C-4B6A-90BF-A0F39875217E}.Debug|Any CPU.Build.0 = Debug|Any CPU
		{97B09E74-8C7C-4B6A-90BF-A0F39875217E}.Release|Any CPU.ActiveCfg = Release|Any CPU
		{97B09E74-8C7C-4B6A-90BF-A0F39875217E}.Release|Any CPU.Build.0 = Release|Any CPU
		{BEFD26D2-2DFC-4B8E-8743-3CE61AA18B00}.Debug|Any CPU.ActiveCfg = Debug|Any CPU
		{BEFD26D2-2DFC-4B8E-8743-3CE61AA18B00}.Debug|Any CPU.Build.0 = Debug|Any CPU
		{BEFD26D2-2DFC-4B8E-8743-3CE61AA18B00}.Release|Any CPU.ActiveCfg = Release|Any CPU
		{BEFD26D2-2DFC-4B8E-8743-3CE61AA18B00}.Release|Any CPU.Build.0 = Release|Any CPU
		{B31828C6-625D-4BAA-8305-4BD5F9DD2040}.Debug|Any CPU.ActiveCfg = Debug|Any CPU
		{B31828C6-625D-4BAA-8305-4BD5F9DD2040}.Debug|Any CPU.Build.0 = Debug|Any CPU
		{B31828C6-625D-4BAA-8305-4BD5F9DD2040}.Release|Any CPU.ActiveCfg = Release|Any CPU
		{B31828C6-625D-4BAA-8305-4BD5F9DD2040}.Release|Any CPU.Build.0 = Release|Any CPU
	EndGlobalSection
	GlobalSection(SolutionProperties) = preSolution
		HideSolutionNode = FALSE
	EndGlobalSection
	GlobalSection(ExtensibilityGlobals) = postSolution
		SolutionGuid = {8CF3C64B-8DBD-4B8E-B56A-1124A18309CB}
	EndGlobalSection
EndGlobal
